{
    "name": "tsyringe-adapter",
    "version": "1.0.0",
    "lockfileVersion": 3,
    "requires": true,
    "packages": {
        "": {
            "name": "tsyringe-adapter",
            "version": "1.0.0",
            "license": "ISC",
            "devDependencies": {
                "typescript": "^5.5.4"
            },
            "peerDependencies": {
                "reflect-metadata": "^0.2.2",
                "tsyringe": "^4.8.0"
            }
        },
        "node_modules/reflect-metadata": {
            "version": "0.2.2",
            "resolved": "https://registry.npmjs.org/reflect-metadata/-/reflect-metadata-0.2.2.tgz",
            "integrity": "sha512-urBwgfrvVP/eAyXx4hluJivBKzuEbSQs9rKWCrCkbSxNv8mxPcUZKeuoF3Uy4mJl3Lwprp6yy5/39VWigZ4K6Q==",
            "license": "Apache-2.0",
            "peer": true
        },
        "node_modules/tslib": {
            "version": "1.14.1",
            "resolved": "https://registry.npmjs.org/tslib/-/tslib-1.14.1.tgz",
            "integrity": "sha512-Xni35NKzjgMrwevysHTCArtLDpPvye8zV/0E4EyYn43P7/7qvQwPh9BGkHewbMulVntbigmcT7rdX3BNo9wRJg==",
            "license": "0BSD",
            "peer": true
        },
        "node_modules/tsyringe": {
            "version": "4.8.0",
            "resolved": "https://registry.npmjs.org/tsyringe/-/tsyringe-4.8.0.tgz",
            "integrity": "sha512-YB1FG+axdxADa3ncEtRnQCFq/M0lALGLxSZeVNbTU8NqhOVc51nnv2CISTcvc1kyv6EGPtXVr0v6lWeDxiijOA==",
            "license": "MIT",
            "peer": true,
            "dependencies": {
                "tslib": "^1.9.3"
            },
            "engines": {
                "node": ">= 6.0.0"
            }
        },
        "node_modules/typescript": {
            "version": "5.5.4",
            "resolved": "https://registry.npmjs.org/typescript/-/typescript-5.5.4.tgz",
            "integrity": "sha512-Mtq29sKDAEYP7aljRgtPOpTvOfbwRWlS6dPRzwjdE+C0R4brX/GUyhHSecbHMFLNBLcJIPt9nl9yG5TZ1weH+Q==",
            "dev": true,
            "license": "Apache-2.0",
            "bin": {
                "tsc": "bin/tsc",
                "tsserver": "bin/tsserver"
            },
            "engines": {
                "node": ">=14.17"
            }
        }
    }
}
